
Microsoft Visual Studio Solution File, Format Version 12.00
# Visual Studio Version 16
VisualStudioVersion = 16.0.29911.84
MinimumVisualStudioVersion = 10.0.40219.1
Project("{FAE04EC0-301F-11D3-BF4B-00C04F79EFBC}") = "NinjaCore", "NinjaCore.csproj", "{270400DF-EC05-4C3F-8087-6ED65F68D8B5}"
EndProject
Global
	GlobalSection(SolutionConfigurationPlatforms) = preSolution
		Debug|Any CPU = Debug|Any CPU
		Release|Any CPU = Release|Any CPU
	EndGlobalSection
	GlobalSection(ProjectConfigurationPlatforms) = postSolution
		{270400DF-EC05-4C3F-8087-6ED65F68D8B5}.Debug|Any CPU.ActiveCfg = Debug|Any CPU
		{270400DF-EC05-4C3F-8087-6ED65F68D8B5}.Debug|Any CPU.Build.0 = Debug|Any CPU
		{270400DF-EC05-4C3F-8087-6ED65F68D8B5}.Release|Any CPU.ActiveCfg = Release|Any CPU
		{270400DF-EC05-4C3F-8087-6ED65F68D8B5}.Release|Any CPU.Build.0 = Release|Any CPU
	EndGlobalSection
	GlobalSection(SolutionProperties) = preSolution
		HideSolutionNode = FALSE
	EndGlobalSection
	GlobalSection(ExtensibilityGlobals) = postSolution
		SolutionGuid = {A7644151-B292-4C40-8549-B74DA799687E}
	EndGlobalSection
EndGlobal
